
Microsoft Visual Studio Solution File, Format Version 12.00
# Visual Studio Version 17
VisualStudioVersion = 17.0.31903.59
MinimumVisualStudioVersion = 10.0.40219.1
Project("{FAE04EC0-301F-11D3-BF4B-00C04F79EFBC}") = "RightSize", "RightSize\RightSize.csproj", "{3AAB129C-5ADB-4F6F-90AF-DCFA0E9A519D}"
EndProject
Project("{FAE04EC0-301F-11D3-BF4B-00C04F79EFBC}") = "ChangeString", "ChangeString\ChangeString.csproj", "{735E8FE9-36FE-46F9-84C3-7090CE188B02}"
EndProject
Project("{FAE04EC0-301F-11D3-BF4B-00C04F79EFBC}") = "ArrayMul", "ArrayMul\ArrayMul.csproj", "{5C1F8C60-0BBE-4321-BB26-DA96E08440BF}"
EndProject
Project("{FAE04EC0-301F-11D3-BF4B-00C04F79EFBC}") = "HeroPerk", "HeroPerk\HeroPerk.csproj", "{3913FA2A-E30C-43AF-813A-2FFE1E37276F}"
EndProject
Project("{FAE04EC0-301F-11D3-BF4B-00C04F79EFBC}") = "Pow2Until", "Pow2Until\Pow2Until.csproj", "{98F17978-AC10-40A5-94BE-2887CBAC09A8}"
EndProject
Project("{FAE04EC0-301F-11D3-BF4B-00C04F79EFBC}") = "FamousQuotes", "FamousQuotes\FamousQuotes.csproj", "{4CF928F7-2824-4A3D-81D8-51AC76C9EA3D}"
EndProject
Project("{FAE04EC0-301F-11D3-BF4B-00C04F79EFBC}") = "RoPaSci", "RoPaSci\RoPaSci.csproj", "{9EA49E1C-E078-41B5-B2F3-18BF2EB7BCCB}"
EndProject
Project("{FAE04EC0-301F-11D3-BF4B-00C04F79EFBC}") = "WeaponSelector", "WeaponSelector\WeaponSelector.csproj", "{6FC2EE67-728A-43D0-95D3-3E9233E1C3BE}"
EndProject
Global
	GlobalSection(SolutionConfigurationPlatforms) = preSolution
		Debug|Any CPU = Debug|Any CPU
		Release|Any CPU = Release|Any CPU
	EndGlobalSection
	GlobalSection(SolutionProperties) = preSolution
		HideSolutionNode = FALSE
	EndGlobalSection
	GlobalSection(ProjectConfigurationPlatforms) = postSolution
		{3AAB129C-5ADB-4F6F-90AF-DCFA0E9A519D}.Debug|Any CPU.ActiveCfg = Debug|Any CPU
		{3AAB129C-5ADB-4F6F-90AF-DCFA0E9A519D}.Debug|Any CPU.Build.0 = Debug|Any CPU
		{3AAB129C-5ADB-4F6F-90AF-DCFA0E9A519D}.Release|Any CPU.ActiveCfg = Release|Any CPU
		{3AAB129C-5ADB-4F6F-90AF-DCFA0E9A519D}.Release|Any CPU.Build.0 = Release|Any CPU
		{735E8FE9-36FE-46F9-84C3-7090CE188B02}.Debug|Any CPU.ActiveCfg = Debug|Any CPU
		{735E8FE9-36FE-46F9-84C3-7090CE188B02}.Debug|Any CPU.Build.0 = Debug|Any CPU
		{735E8FE9-36FE-46F9-84C3-7090CE188B02}.Release|Any CPU.ActiveCfg = Release|Any CPU
		{735E8FE9-36FE-46F9-84C3-7090CE188B02}.Release|Any CPU.Build.0 = Release|Any CPU
		{5C1F8C60-0BBE-4321-BB26-DA96E08440BF}.Debug|Any CPU.ActiveCfg = Debug|Any CPU
		{5C1F8C60-0BBE-4321-BB26-DA96E08440BF}.Debug|Any CPU.Build.0 = Debug|Any CPU
		{5C1F8C60-0BBE-4321-BB26-DA96E08440BF}.Release|Any CPU.ActiveCfg = Release|Any CPU
		{5C1F8C60-0BBE-4321-BB26-DA96E08440BF}.Release|Any CPU.Build.0 = Release|Any CPU
		{3913FA2A-E30C-43AF-813A-2FFE1E37276F}.Debug|Any CPU.ActiveCfg = Debug|Any CPU
		{3913FA2A-E30C-43AF-813A-2FFE1E37276F}.Debug|Any CPU.Build.0 = Debug|Any CPU
		{3913FA2A-E30C-43AF-813A-2FFE1E37276F}.Release|Any CPU.ActiveCfg = Release|Any CPU
		{3913FA2A-E30C-43AF-813A-2FFE1E37276F}.Release|Any CPU.Build.0 = Release|Any CPU
		{98F17978-AC10-40A5-94BE-2887CBAC09A8}.Debug|Any CPU.ActiveCfg = Debug|Any CPU
		{98F17978-AC10-40A5-94BE-2887CBAC09A8}.Debug|Any CPU.Build.0 = Debug|Any CPU
		{98F17978-AC10-40A5-94BE-2887CBAC09A8}.Release|Any CPU.ActiveCfg = Release|Any CPU
		{98F17978-AC10-40A5-94BE-2887CBAC09A8}.Release|Any CPU.Build.0 = Release|Any CPU
		{4CF928F7-2824-4A3D-81D8-51AC76C9EA3D}.Debug|Any CPU.ActiveCfg = Debug|Any CPU
		{4CF928F7-2824-4A3D-81D8-51AC76C9EA3D}.Debug|Any CPU.Build.0 = Debug|Any CPU
		{4CF928F7-2824-4A3D-81D8-51AC76C9EA3D}.Release|Any CPU.ActiveCfg = Release|Any CPU
		{4CF928F7-2824-4A3D-81D8-51AC76C9EA3D}.Release|Any CPU.Build.0 = Release|Any CPU
		{9EA49E1C-E078-41B5-B2F3-18BF2EB7BCCB}.Debug|Any CPU.ActiveCfg = Debug|Any CPU
		{9EA49E1C-E078-41B5-B2F3-18BF2EB7BCCB}.Debug|Any CPU.Build.0 = Debug|Any CPU
		{9EA49E1C-E078-41B5-B2F3-18BF2EB7BCCB}.Release|Any CPU.ActiveCfg = Release|Any CPU
		{9EA49E1C-E078-41B5-B2F3-18BF2EB7BCCB}.Release|Any CPU.Build.0 = Release|Any CPU
		{6FC2EE67-728A-43D0-95D3-3E9233E1C3BE}.Debug|Any CPU.ActiveCfg = Debug|Any CPU
		{6FC2EE67-728A-43D0-95D3-3E9233E1C3BE}.Debug|Any CPU.Build.0 = Debug|Any CPU
		{6FC2EE67-728A-43D0-95D3-3E9233E1C3BE}.Release|Any CPU.ActiveCfg = Release|Any CPU
		{6FC2EE67-728A-43D0-95D3-3E9233E1C3BE}.Release|Any CPU.Build.0 = Release|Any CPU
	EndGlobalSection
EndGlobal
